// !$*UTF8*$!
{
	archiveVersion = 1;
	classes = {
	};
	objectVersion = 56;
	objects = {

/* Begin PBXBuildFile section */
		08320073E9E822D3D4D763A1 /* Pods_YP_Sklad.framework in Frameworks */ = {isa = PBXBuildFile; fileRef = DC0F55CDB47F8956D4BF725C /* Pods_YP_Sklad.framework */; };
		F47302F42C1724D300B0C027 /* RegisterViewController.swift in Sources */ = {isa = PBXBuildFile; fileRef = F47302F32C1724D300B0C027 /* RegisterViewController.swift */; };
		F47302F82C172BA500B0C027 /* GoogleService-Info.plist in Resources */ = {isa = PBXBuildFile; fileRef = F47302F72C172BA500B0C027 /* GoogleService-Info.plist */; };
		F47302FA2C172EA700B0C027 /* WelcomeViewController.swift in Sources */ = {isa = PBXBuildFile; fileRef = F47302F92C172EA700B0C027 /* WelcomeViewController.swift */; };
		F47302FC2C1732F300B0C027 /* EnterViewController.swift in Sources */ = {isa = PBXBuildFile; fileRef = F47302FB2C1732F300B0C027 /* EnterViewController.swift */; };
		F4E89B012C16CAB1000044CA /* AppDelegate.swift in Sources */ = {isa = PBXBuildFile; fileRef = F4E89B002C16CAB1000044CA /* AppDelegate.swift */; };
		F4E89B032C16CAB1000044CA /* SceneDelegate.swift in Sources */ = {isa = PBXBuildFile; fileRef = F4E89B022C16CAB1000044CA /* SceneDelegate.swift */; };
		F4E89B052C16CAB1000044CA /* ViewController.swift in Sources */ = {isa = PBXBuildFile; fileRef = F4E89B042C16CAB1000044CA /* ViewController.swift */; };
		F4E89B0A2C16CAB3000044CA /* Assets.xcassets in Resources */ = {isa = PBXBuildFile; fileRef = F4E89B092C16CAB3000044CA /* Assets.xcassets */; };
		F4E89B0D2C16CAB3000044CA /* LaunchScreen.storyboard in Resources */ = {isa = PBXBuildFile; fileRef = F4E89B0B2C16CAB3000044CA /* LaunchScreen.storyboard */; };
		F4E89B152C16CBC3000044CA /* TabBarViewController.swift in Sources */ = {isa = PBXBuildFile; fileRef = F4E89B142C16CBC3000044CA /* TabBarViewController.swift */; };
		F4E89B172C16CE0C000044CA /* ProductViewController.swift in Sources */ = {isa = PBXBuildFile; fileRef = F4E89B162C16CE0C000044CA /* ProductViewController.swift */; };
		F4E89B192C16CE2E000044CA /* SearchViewController.swift in Sources */ = {isa = PBXBuildFile; fileRef = F4E89B182C16CE2E000044CA /* SearchViewController.swift */; };
		F4E89B1B2C16CE44000044CA /* ScannerViewController.swift in Sources */ = {isa = PBXBuildFile; fileRef = F4E89B1A2C16CE44000044CA /* ScannerViewController.swift */; };
		F4E89B1D2C16D067000044CA /* NewProductViewController.swift in Sources */ = {isa = PBXBuildFile; fileRef = F4E89B1C2C16D066000044CA /* NewProductViewController.swift */; };
		F4E89B1F2C16D320000044CA /* OnboardingViewController.swift in Sources */ = {isa = PBXBuildFile; fileRef = F4E89B1E2C16D320000044CA /* OnboardingViewController.swift */; };
		F4E89B222C16DCF0000044CA /* OnboardingFirstScreenViewController.swift in Sources */ = {isa = PBXBuildFile; fileRef = F4E89B212C16DCF0000044CA /* OnboardingFirstScreenViewController.swift */; };
		F4E89B242C16DCFC000044CA /* OnboardingSecondScreenViewController.swift in Sources */ = {isa = PBXBuildFile; fileRef = F4E89B232C16DCFC000044CA /* OnboardingSecondScreenViewController.swift */; };
		F4E89B262C16E0AF000044CA /* OnboardingThreeScreenViewController.swift in Sources */ = {isa = PBXBuildFile; fileRef = F4E89B252C16E0AF000044CA /* OnboardingThreeScreenViewController.swift */; };
/* End PBXBuildFile section */

/* Begin PBXFileReference section */
		14B083C6E1B7D808778CA3AC /* Pods-YP-Sklad.release.xcconfig */ = {isa = PBXFileReference; includeInIndex = 1; lastKnownFileType = text.xcconfig; name = "Pods-YP-Sklad.release.xcconfig"; path = "Target Support Files/Pods-YP-Sklad/Pods-YP-Sklad.release.xcconfig"; sourceTree = "<group>"; };
		5B1AB04D03DDCBDE7E761061 /* Pods-YP-Sklad.debug.xcconfig */ = {isa = PBXFileReference; includeInIndex = 1; lastKnownFileType = text.xcconfig; name = "Pods-YP-Sklad.debug.xcconfig"; path = "Target Support Files/Pods-YP-Sklad/Pods-YP-Sklad.debug.xcconfig"; sourceTree = "<group>"; };
		DC0F55CDB47F8956D4BF725C /* Pods_YP_Sklad.framework */ = {isa = PBXFileReference; explicitFileType = wrapper.framework; includeInIndex = 0; path = Pods_YP_Sklad.framework; sourceTree = BUILT_PRODUCTS_DIR; };
		F47302F32C1724D300B0C027 /* RegisterViewController.swift */ = {isa = PBXFileReference; lastKnownFileType = sourcecode.swift; path = RegisterViewController.swift; sourceTree = "<group>"; };
		F47302F72C172BA500B0C027 /* GoogleService-Info.plist */ = {isa = PBXFileReference; fileEncoding = 4; lastKnownFileType = text.plist.xml; path = "GoogleService-Info.plist"; sourceTree = "<group>"; };
		F47302F92C172EA700B0C027 /* WelcomeViewController.swift */ = {isa = PBXFileReference; lastKnownFileType = sourcecode.swift; path = WelcomeViewController.swift; sourceTree = "<group>"; };
		F47302FB2C1732F300B0C027 /* EnterViewController.swift */ = {isa = PBXFileReference; lastKnownFileType = sourcecode.swift; path = EnterViewController.swift; sourceTree = "<group>"; };
		F4E89AFD2C16CAB1000044CA /* YP-Sklad.app */ = {isa = PBXFileReference; explicitFileType = wrapper.application; includeInIndex = 0; path = "YP-Sklad.app"; sourceTree = BUILT_PRODUCTS_DIR; };
		F4E89B002C16CAB1000044CA /* AppDelegate.swift */ = {isa = PBXFileReference; lastKnownFileType = sourcecode.swift; path = AppDelegate.swift; sourceTree = "<group>"; };
		F4E89B022C16CAB1000044CA /* SceneDelegate.swift */ = {isa = PBXFileReference; lastKnownFileType = sourcecode.swift; path = SceneDelegate.swift; sourceTree = "<group>"; };
		F4E89B042C16CAB1000044CA /* ViewController.swift */ = {isa = PBXFileReference; lastKnownFileType = sourcecode.swift; path = ViewController.swift; sourceTree = "<group>"; };
		F4E89B092C16CAB3000044CA /* Assets.xcassets */ = {isa = PBXFileReference; lastKnownFileType = folder.assetcatalog; path = Assets.xcassets; sourceTree = "<group>"; };
		F4E89B0C2C16CAB3000044CA /* Base */ = {isa = PBXFileReference; lastKnownFileType = file.storyboard; name = Base; path = Base.lproj/LaunchScreen.storyboard; sourceTree = "<group>"; };
		F4E89B0E2C16CAB3000044CA /* Info.plist */ = {isa = PBXFileReference; lastKnownFileType = text.plist.xml; path = Info.plist; sourceTree = "<group>"; };
		F4E89B142C16CBC3000044CA /* TabBarViewController.swift */ = {isa = PBXFileReference; lastKnownFileType = sourcecode.swift; path = TabBarViewController.swift; sourceTree = "<group>"; };
		F4E89B162C16CE0C000044CA /* ProductViewController.swift */ = {isa = PBXFileReference; lastKnownFileType = sourcecode.swift; path = ProductViewController.swift; sourceTree = "<group>"; };
		F4E89B182C16CE2E000044CA /* SearchViewController.swift */ = {isa = PBXFileReference; lastKnownFileType = sourcecode.swift; path = SearchViewController.swift; sourceTree = "<group>"; };
		F4E89B1A2C16CE44000044CA /* ScannerViewController.swift */ = {isa = PBXFileReference; lastKnownFileType = sourcecode.swift; path = ScannerViewController.swift; sourceTree = "<group>"; };
		F4E89B1C2C16D066000044CA /* NewProductViewController.swift */ = {isa = PBXFileReference; lastKnownFileType = sourcecode.swift; path = NewProductViewController.swift; sourceTree = "<group>"; };
		F4E89B1E2C16D320000044CA /* OnboardingViewController.swift */ = {isa = PBXFileReference; lastKnownFileType = sourcecode.swift; path = OnboardingViewController.swift; sourceTree = "<group>"; };
		F4E89B212C16DCF0000044CA /* OnboardingFirstScreenViewController.swift */ = {isa = PBXFileReference; lastKnownFileType = sourcecode.swift; path = OnboardingFirstScreenViewController.swift; sourceTree = "<group>"; };
		F4E89B232C16DCFC000044CA /* OnboardingSecondScreenViewController.swift */ = {isa = PBXFileReference; lastKnownFileType = sourcecode.swift; path = OnboardingSecondScreenViewController.swift; sourceTree = "<group>"; };
		F4E89B252C16E0AF000044CA /* OnboardingThreeScreenViewController.swift */ = {isa = PBXFileReference; lastKnownFileType = sourcecode.swift; path = OnboardingThreeScreenViewController.swift; sourceTree = "<group>"; };
/* End PBXFileReference section */

/* Begin PBXFrameworksBuildPhase section */
		F4E89AFA2C16CAB1000044CA /* Frameworks */ = {
			isa = PBXFrameworksBuildPhase;
			buildActionMask = 2147483647;
			files = (
				08320073E9E822D3D4D763A1 /* Pods_YP_Sklad.framework in Frameworks */,
			);
			runOnlyForDeploymentPostprocessing = 0;
		};
/* End PBXFrameworksBuildPhase section */

/* Begin PBXGroup section */
		3B94EE739761B13CBA0EF28D /* Pods */ = {
			isa = PBXGroup;
			children = (
				5B1AB04D03DDCBDE7E761061 /* Pods-YP-Sklad.debug.xcconfig */,
				14B083C6E1B7D808778CA3AC /* Pods-YP-Sklad.release.xcconfig */,
			);
			path = Pods;
			sourceTree = "<group>";
		};
		DF8D386874B8E3AD73E4A51C /* Frameworks */ = {
			isa = PBXGroup;
			children = (
				DC0F55CDB47F8956D4BF725C /* Pods_YP_Sklad.framework */,
			);
			name = Frameworks;
			sourceTree = "<group>";
		};
		F47302F12C17248200B0C027 /* MainTabBar */ = {
			isa = PBXGroup;
			children = (
				F4E89B142C16CBC3000044CA /* TabBarViewController.swift */,
				F4E89B162C16CE0C000044CA /* ProductViewController.swift */,
				F4E89B1C2C16D066000044CA /* NewProductViewController.swift */,
				F4E89B182C16CE2E000044CA /* SearchViewController.swift */,
				F4E89B1A2C16CE44000044CA /* ScannerViewController.swift */,
			);
			path = MainTabBar;
			sourceTree = "<group>";
		};
		F47302F22C17249D00B0C027 /* Authenticate */ = {
			isa = PBXGroup;
			children = (
				F47302F92C172EA700B0C027 /* WelcomeViewController.swift */,
				F47302F32C1724D300B0C027 /* RegisterViewController.swift */,
				F47302FB2C1732F300B0C027 /* EnterViewController.swift */,
			);
			path = Authenticate;
			sourceTree = "<group>";
		};
		F4E89AF42C16CAB1000044CA = {
			isa = PBXGroup;
			children = (
				F4E89AFF2C16CAB1000044CA /* YP-Sklad */,
				F4E89AFE2C16CAB1000044CA /* Products */,
				3B94EE739761B13CBA0EF28D /* Pods */,
				DF8D386874B8E3AD73E4A51C /* Frameworks */,
			);
			sourceTree = "<group>";
		};
		F4E89AFE2C16CAB1000044CA /* Products */ = {
			isa = PBXGroup;
			children = (
				F4E89AFD2C16CAB1000044CA /* YP-Sklad.app */,
			);
			name = Products;
			sourceTree = "<group>";
		};
		F4E89AFF2C16CAB1000044CA /* YP-Sklad */ = {
			isa = PBXGroup;
			children = (
				F4E89B002C16CAB1000044CA /* AppDelegate.swift */,
				F4E89B022C16CAB1000044CA /* SceneDelegate.swift */,
				F4E89B042C16CAB1000044CA /* ViewController.swift */,
				F4E89B092C16CAB3000044CA /* Assets.xcassets */,
				F4E89B0B2C16CAB3000044CA /* LaunchScreen.storyboard */,
				F4E89B0E2C16CAB3000044CA /* Info.plist */,
				F47302F72C172BA500B0C027 /* GoogleService-Info.plist */,
				F4E89B202C16DCCD000044CA /* Onboarding */,
				F47302F22C17249D00B0C027 /* Authenticate */,
				F47302F12C17248200B0C027 /* MainTabBar */,
			);
			path = "YP-Sklad";
			sourceTree = "<group>";
		};
		F4E89B202C16DCCD000044CA /* Onboarding */ = {
			isa = PBXGroup;
			children = (
				F4E89B1E2C16D320000044CA /* OnboardingViewController.swift */,
				F4E89B212C16DCF0000044CA /* OnboardingFirstScreenViewController.swift */,
				F4E89B232C16DCFC000044CA /* OnboardingSecondScreenViewController.swift */,
				F4E89B252C16E0AF000044CA /* OnboardingThreeScreenViewController.swift */,
			);
			path = Onboarding;
			sourceTree = "<group>";
		};
/* End PBXGroup section */

/* Begin PBXNativeTarget section */
		F4E89AFC2C16CAB1000044CA /* YP-Sklad */ = {
			isa = PBXNativeTarget;
			buildConfigurationList = F4E89B112C16CAB3000044CA /* Build configuration list for PBXNativeTarget "YP-Sklad" */;
			buildPhases = (
				C56D2A1A676AAAF00C63A9F7 /* [CP] Check Pods Manifest.lock */,
				F4E89AF92C16CAB1000044CA /* Sources */,
				F4E89AFA2C16CAB1000044CA /* Frameworks */,
				F4E89AFB2C16CAB1000044CA /* Resources */,
				272EA37931CBB7A80A0B6A0D /* [CP] Embed Pods Frameworks */,
			);
			buildRules = (
			);
			dependencies = (
			);
			name = "YP-Sklad";
			productName = "YP-Sklad";
			productReference = F4E89AFD2C16CAB1000044CA /* YP-Sklad.app */;
			productType = "com.apple.product-type.application";
		};
/* End PBXNativeTarget section */

/* Begin PBXProject section */
		F4E89AF52C16CAB1000044CA /* Project object */ = {
			isa = PBXProject;
			attributes = {
				BuildIndependentTargetsInParallel = 1;
				LastSwiftUpdateCheck = 1510;
				LastUpgradeCheck = 1510;
				TargetAttributes = {
					F4E89AFC2C16CAB1000044CA = {
						CreatedOnToolsVersion = 15.1;
					};
				};
			};
			buildConfigurationList = F4E89AF82C16CAB1000044CA /* Build configuration list for PBXProject "YP-Sklad" */;
			compatibilityVersion = "Xcode 14.0";
			developmentRegion = en;
			hasScannedForEncodings = 0;
			knownRegions = (
				en,
				Base,
			);
			mainGroup = F4E89AF42C16CAB1000044CA;
			productRefGroup = F4E89AFE2C16CAB1000044CA /* Products */;
			projectDirPath = "";
			projectRoot = "";
			targets = (
				F4E89AFC2C16CAB1000044CA /* YP-Sklad */,
			);
		};
/* End PBXProject section */

/* Begin PBXResourcesBuildPhase section */
		F4E89AFB2C16CAB1000044CA /* Resources */ = {
			isa = PBXResourcesBuildPhase;
			buildActionMask = 2147483647;
			files = (
				F4E89B0D2C16CAB3000044CA /* LaunchScreen.storyboard in Resources */,
				F4E89B0A2C16CAB3000044CA /* Assets.xcassets in Resources */,
				F47302F82C172BA500B0C027 /* GoogleService-Info.plist in Resources */,
			);
			runOnlyForDeploymentPostprocessing = 0;
		};
/* End PBXResourcesBuildPhase section */

/* Begin PBXShellScriptBuildPhase section */
		272EA37931CBB7A80A0B6A0D /* [CP] Embed Pods Frameworks */ = {
			isa = PBXShellScriptBuildPhase;
			buildActionMask = 2147483647;
			files = (
			);
			inputFileListPaths = (
				"${PODS_ROOT}/Target Support Files/Pods-YP-Sklad/Pods-YP-Sklad-frameworks-${CONFIGURATION}-input-files.xcfilelist",
			);
			name = "[CP] Embed Pods Frameworks";
			outputFileListPaths = (
				"${PODS_ROOT}/Target Support Files/Pods-YP-Sklad/Pods-YP-Sklad-frameworks-${CONFIGURATION}-output-files.xcfilelist",
			);
			runOnlyForDeploymentPostprocessing = 0;
			shellPath = /bin/sh;
			shellScript = "\"${PODS_ROOT}/Target Support Files/Pods-YP-Sklad/Pods-YP-Sklad-frameworks.sh\"\n";
			showEnvVarsInLog = 0;
		};
		C56D2A1A676AAAF00C63A9F7 /* [CP] Check Pods Manifest.lock */ = {
			isa = PBXShellScriptBuildPhase;
			buildActionMask = 2147483647;
			files = (
			);
			inputFileListPaths = (
			);
			inputPaths = (
				"${PODS_PODFILE_DIR_PATH}/Podfile.lock",
				"${PODS_ROOT}/Manifest.lock",
			);
			name = "[CP] Check Pods Manifest.lock";
			outputFileListPaths = (
			);
			outputPaths = (
				"$(DERIVED_FILE_DIR)/Pods-YP-Sklad-checkManifestLockResult.txt",
			);
			runOnlyForDeploymentPostprocessing = 0;
			shellPath = /bin/sh;
			shellScript = "diff \"${PODS_PODFILE_DIR_PATH}/Podfile.lock\" \"${PODS_ROOT}/Manifest.lock\" > /dev/null\nif [ $? != 0 ] ; then\n    # print error to STDERR\n    echo \"error: The sandbox is not in sync with the Podfile.lock. Run 'pod install' or update your CocoaPods installation.\" >&2\n    exit 1\nfi\n# This output is used by Xcode 'outputs' to avoid re-running this script phase.\necho \"SUCCESS\" > \"${SCRIPT_OUTPUT_FILE_0}\"\n";
			showEnvVarsInLog = 0;
		};
/* End PBXShellScriptBuildPhase section */

/* Begin PBXSourcesBuildPhase section */
		F4E89AF92C16CAB1000044CA /* Sources */ = {
			isa = PBXSourcesBuildPhase;
			buildActionMask = 2147483647;
			files = (
				F4E89B1B2C16CE44000044CA /* ScannerViewController.swift in Sources */,
				F47302F42C1724D300B0C027 /* RegisterViewController.swift in Sources */,
				F4E89B192C16CE2E000044CA /* SearchViewController.swift in Sources */,
				F4E89B152C16CBC3000044CA /* TabBarViewController.swift in Sources */,
				F4E89B1D2C16D067000044CA /* NewProductViewController.swift in Sources */,
				F47302FC2C1732F300B0C027 /* EnterViewController.swift in Sources */,
				F4E89B222C16DCF0000044CA /* OnboardingFirstScreenViewController.swift in Sources */,
				F4E89B052C16CAB1000044CA /* ViewController.swift in Sources */,
				F4E89B262C16E0AF000044CA /* OnboardingThreeScreenViewController.swift in Sources */,
				F4E89B242C16DCFC000044CA /* OnboardingSecondScreenViewController.swift in Sources */,
				F4E89B012C16CAB1000044CA /* AppDelegate.swift in Sources */,
				F4E89B1F2C16D320000044CA /* OnboardingViewController.swift in Sources */,
				F4E89B172C16CE0C000044CA /* ProductViewController.swift in Sources */,
				F4E89B032C16CAB1000044CA /* SceneDelegate.swift in Sources */,
				F47302FA2C172EA700B0C027 /* WelcomeViewController.swift in Sources */,
			);
			runOnlyForDeploymentPostprocessing = 0;
		};
/* End PBXSourcesBuildPhase section */

/* Begin PBXVariantGroup section */
		F4E89B0B2C16CAB3000044CA /* LaunchScreen.storyboard */ = {
			isa = PBXVariantGroup;
			children = (
				F4E89B0C2C16CAB3000044CA /* Base */,
			);
			name = LaunchScreen.storyboard;
			sourceTree = "<group>";
		};
/* End PBXVariantGroup section */

/* Begin XCBuildConfiguration section */
		F4E89B0F2C16CAB3000044CA /* Debug */ = {
			isa = XCBuildConfiguration;
			buildSettings = {
				ALWAYS_SEARCH_USER_PATHS = NO;
				ASSETCATALOG_COMPILER_GENERATE_SWIFT_ASSET_SYMBOL_EXTENSIONS = YES;
				CLANG_ANALYZER_NONNULL = YES;
				CLANG_ANALYZER_NUMBER_OBJECT_CONVERSION = YES_AGGRESSIVE;
				CLANG_CXX_LANGUAGE_STANDARD = "gnu++20";
				CLANG_ENABLE_MODULES = YES;
				CLANG_ENABLE_OBJC_ARC = YES;
				CLANG_ENABLE_OBJC_WEAK = YES;
				CLANG_WARN_BLOCK_CAPTURE_AUTORELEASING = YES;
				CLANG_WARN_BOOL_CONVERSION = YES;
				CLANG_WARN_COMMA = YES;
				CLANG_WARN_CONSTANT_CONVERSION = YES;
				CLANG_WARN_DEPRECATED_OBJC_IMPLEMENTATIONS = YES;
				CLANG_WARN_DIRECT_OBJC_ISA_USAGE = YES_ERROR;
				CLANG_WARN_DOCUMENTATION_COMMENTS = YES;
				CLANG_WARN_EMPTY_BODY = YES;
				CLANG_WARN_ENUM_CONVERSION = YES;
				CLANG_WARN_INFINITE_RECURSION = YES;
				CLANG_WARN_INT_CONVERSION = YES;
				CLANG_WARN_NON_LITERAL_NULL_CONVERSION = YES;
				CLANG_WARN_OBJC_IMPLICIT_RETAIN_SELF = YES;
				CLANG_WARN_OBJC_LITERAL_CONVERSION = YES;
				CLANG_WARN_OBJC_ROOT_CLASS = YES_ERROR;
				CLANG_WARN_QUOTED_INCLUDE_IN_FRAMEWORK_HEADER = YES;
				CLANG_WARN_RANGE_LOOP_ANALYSIS = YES;
				CLANG_WARN_STRICT_PROTOTYPES = YES;
				CLANG_WARN_SUSPICIOUS_MOVE = YES;
				CLANG_WARN_UNGUARDED_AVAILABILITY = YES_AGGRESSIVE;
				CLANG_WARN_UNREACHABLE_CODE = YES;
				CLANG_WARN__DUPLICATE_METHOD_MATCH = YES;
				COPY_PHASE_STRIP = NO;
				DEBUG_INFORMATION_FORMAT = dwarf;
				ENABLE_STRICT_OBJC_MSGSEND = YES;
				ENABLE_TESTABILITY = YES;
				ENABLE_USER_SCRIPT_SANDBOXING = NO;
				GCC_C_LANGUAGE_STANDARD = gnu17;
				GCC_DYNAMIC_NO_PIC = NO;
				GCC_NO_COMMON_BLOCKS = YES;
				GCC_OPTIMIZATION_LEVEL = 0;
				GCC_PREPROCESSOR_DEFINITIONS = (
					"DEBUG=1",
					"$(inherited)",
				);
				GCC_WARN_64_TO_32_BIT_CONVERSION = YES;
				GCC_WARN_ABOUT_RETURN_TYPE = YES_ERROR;
				GCC_WARN_UNDECLARED_SELECTOR = YES;
				GCC_WARN_UNINITIALIZED_AUTOS = YES_AGGRESSIVE;
				GCC_WARN_UNUSED_FUNCTION = YES;
				GCC_WARN_UNUSED_VARIABLE = YES;
				IPHONEOS_DEPLOYMENT_TARGET = 13.4;
				LOCALIZATION_PREFERS_STRING_CATALOGS = YES;
				MTL_ENABLE_DEBUG_INFO = INCLUDE_SOURCE;
				MTL_FAST_MATH = YES;
				ONLY_ACTIVE_ARCH = YES;
				SDKROOT = iphoneos;
				SWIFT_ACTIVE_COMPILATION_CONDITIONS = "DEBUG $(inherited)";
				SWIFT_OPTIMIZATION_LEVEL = "-Onone";
			};
			name = Debug;
		};
		F4E89B102C16CAB3000044CA /* Release */ = {
			isa = XCBuildConfiguration;
			buildSettings = {
				ALWAYS_SEARCH_USER_PATHS = NO;
				ASSETCATALOG_COMPILER_GENERATE_SWIFT_ASSET_SYMBOL_EXTENSIONS = YES;
				CLANG_ANALYZER_NONNULL = YES;
				CLANG_ANALYZER_NUMBER_OBJECT_CONVERSION = YES_AGGRESSIVE;
				CLANG_CXX_LANGUAGE_STANDARD = "gnu++20";
				CLANG_ENABLE_MODULES = YES;
				CLANG_ENABLE_OBJC_ARC = YES;
				CLANG_ENABLE_OBJC_WEAK = YES;
				CLANG_WARN_BLOCK_CAPTURE_AUTORELEASING = YES;
				CLANG_WARN_BOOL_CONVERSION = YES;
				CLANG_WARN_COMMA = YES;
				CLANG_WARN_CONSTANT_CONVERSION = YES;
				CLANG_WARN_DEPRECATED_OBJC_IMPLEMENTATIONS = YES;
				CLANG_WARN_DIRECT_OBJC_ISA_USAGE = YES_ERROR;
				CLANG_WARN_DOCUMENTATION_COMMENTS = YES;
				CLANG_WARN_EMPTY_BODY = YES;
				CLANG_WARN_ENUM_CONVERSION = YES;
				CLANG_WARN_INFINITE_RECURSION = YES;
				CLANG_WARN_INT_CONVERSION = YES;
				CLANG_WARN_NON_LITERAL_NULL_CONVERSION = YES;
				CLANG_WARN_OBJC_IMPLICIT_RETAIN_SELF = YES;
				CLANG_WARN_OBJC_LITERAL_CONVERSION = YES;
				CLANG_WARN_OBJC_ROOT_CLASS = YES_ERROR;
				CLANG_WARN_QUOTED_INCLUDE_IN_FRAMEWORK_HEADER = YES;
				CLANG_WARN_RANGE_LOOP_ANALYSIS = YES;
				CLANG_WARN_STRICT_PROTOTYPES = YES;
				CLANG_WARN_SUSPICIOUS_MOVE = YES;
				CLANG_WARN_UNGUARDED_AVAILABILITY = YES_AGGRESSIVE;
				CLANG_WARN_UNREACHABLE_CODE = YES;
				CLANG_WARN__DUPLICATE_METHOD_MATCH = YES;
				COPY_PHASE_STRIP = NO;
				DEBUG_INFORMATION_FORMAT = "dwarf-with-dsym";
				ENABLE_NS_ASSERTIONS = NO;
				ENABLE_STRICT_OBJC_MSGSEND = YES;
				ENABLE_USER_SCRIPT_SANDBOXING = NO;
				GCC_C_LANGUAGE_STANDARD = gnu17;
				GCC_NO_COMMON_BLOCKS = YES;
				GCC_WARN_64_TO_32_BIT_CONVERSION = YES;
				GCC_WARN_ABOUT_RETURN_TYPE = YES_ERROR;
				GCC_WARN_UNDECLARED_SELECTOR = YES;
				GCC_WARN_UNINITIALIZED_AUTOS = YES_AGGRESSIVE;
				GCC_WARN_UNUSED_FUNCTION = YES;
				GCC_WARN_UNUSED_VARIABLE = YES;
				IPHONEOS_DEPLOYMENT_TARGET = 13.4;
				LOCALIZATION_PREFERS_STRING_CATALOGS = YES;
				MTL_ENABLE_DEBUG_INFO = NO;
				MTL_FAST_MATH = YES;
				SDKROOT = iphoneos;
				SWIFT_COMPILATION_MODE = wholemodule;
				VALIDATE_PRODUCT = YES;
			};
			name = Release;
		};
		F4E89B122C16CAB3000044CA /* Debug */ = {
			isa = XCBuildConfiguration;
			baseConfigurationReference = 5B1AB04D03DDCBDE7E761061 /* Pods-YP-Sklad.debug.xcconfig */;
			buildSettings = {
				ASSETCATALOG_COMPILER_APPICON_NAME = AppIcon;
				ASSETCATALOG_COMPILER_GLOBAL_ACCENT_COLOR_NAME = AccentColor;
				CODE_SIGN_STYLE = Automatic;
				CURRENT_PROJECT_VERSION = 1;
				DEVELOPMENT_TEAM = 66QMN95M53;
				GENERATE_INFOPLIST_FILE = YES;
				INFOPLIST_FILE = "YP-Sklad/Info.plist";
				INFOPLIST_KEY_UIApplicationSupportsIndirectInputEvents = YES;
				INFOPLIST_KEY_UILaunchStoryboardName = LaunchScreen;
				INFOPLIST_KEY_UISupportedInterfaceOrientations = UIInterfaceOrientationPortrait;
				IPHONEOS_DEPLOYMENT_TARGET = 13.4;
				LD_RUNPATH_SEARCH_PATHS = (
					"$(inherited)",
					"@executable_path/Frameworks",
				);
				MARKETING_VERSION = 1.0;
				PRODUCT_BUNDLE_IDENTIFIER = "Blanxxty.YP-Sklad";
				PRODUCT_NAME = "$(TARGET_NAME)";
				SUPPORTED_PLATFORMS = "iphoneos iphonesimulator";
				SUPPORTS_MACCATALYST = NO;
				SUPPORTS_MAC_DESIGNED_FOR_IPHONE_IPAD = NO;
				SWIFT_EMIT_LOC_STRINGS = YES;
				SWIFT_VERSION = 5.0;
				TARGETED_DEVICE_FAMILY = "1,2";
			};
			name = Debug;
		};
		F4E89B132C16CAB3000044CA /* Release */ = {
			isa = XCBuildConfiguration;
			baseConfigurationReference = 14B083C6E1B7D808778CA3AC /* Pods-YP-Sklad.release.xcconfig */;
			buildSettings = {
				ASSETCATALOG_COMPILER_APPICON_NAME = AppIcon;
				ASSETCATALOG_COMPILER_GLOBAL_ACCENT_COLOR_NAME = AccentColor;
				CODE_SIGN_STYLE = Automatic;
				CURRENT_PROJECT_VERSION = 1;
				DEVELOPMENT_TEAM = 66QMN95M53;
				GENERATE_INFOPLIST_FILE = YES;
				INFOPLIST_FILE = "YP-Sklad/Info.plist";
				INFOPLIST_KEY_UIApplicationSupportsIndirectInputEvents = YES;
				INFOPLIST_KEY_UILaunchStoryboardName = LaunchScreen;
				INFOPLIST_KEY_UISupportedInterfaceOrientations = UIInterfaceOrientationPortrait;
				IPHONEOS_DEPLOYMENT_TARGET = 13.4;
				LD_RUNPATH_SEARCH_PATHS = (
					"$(inherited)",
					"@executable_path/Frameworks",
				);
				MARKETING_VERSION = 1.0;
				PRODUCT_BUNDLE_IDENTIFIER = "Blanxxty.YP-Sklad";
				PRODUCT_NAME = "$(TARGET_NAME)";
				SUPPORTED_PLATFORMS = "iphoneos iphonesimulator";
				SUPPORTS_MACCATALYST = NO;
				SUPPORTS_MAC_DESIGNED_FOR_IPHONE_IPAD = NO;
				SWIFT_EMIT_LOC_STRINGS = YES;
				SWIFT_VERSION = 5.0;
				TARGETED_DEVICE_FAMILY = "1,2";
			};
			name = Release;
		};
/* End XCBuildConfiguration section */

/* Begin XCConfigurationList section */
		F4E89AF82C16CAB1000044CA /* Build configuration list for PBXProject "YP-Sklad" */ = {
			isa = XCConfigurationList;
			buildConfigurations = (
				F4E89B0F2C16CAB3000044CA /* Debug */,
				F4E89B102C16CAB3000044CA /* Release */,
			);
			defaultConfigurationIsVisible = 0;
			defaultConfigurationName = Release;
		};
		F4E89B112C16CAB3000044CA /* Build configuration list for PBXNativeTarget "YP-Sklad" */ = {
			isa = XCConfigurationList;
			buildConfigurations = (
				F4E89B122C16CAB3000044CA /* Debug */,
				F4E89B132C16CAB3000044CA /* Release */,
			);
			defaultConfigurationIsVisible = 0;
			defaultConfigurationName = Release;
		};
/* End XCConfigurationList section */
	};
	rootObject = F4E89AF52C16CAB1000044CA /* Project object */;
}
